// !$*UTF8*$!
{
	archiveVersion = 1;
	classes = {
	};
	objectVersion = 46;
	objects = {

/* Begin PBXBuildFile section */
		13A6A5AB58F71E3F4E4A9E42 /* ColorBuff.m in Sources */ = {isa = PBXBuildFile; fileRef = 13A6A5954022D69E9B1BF953 /* ColorBuff.m */; };
		FE2933521CE21DB30096B1DF /* CryptoBuffViewController.m in Sources */ = {isa = PBXBuildFile; fileRef = FE2933501CE21DB30096B1DF /* CryptoBuffViewController.m */; };
		FE2933531CE21DB30096B1DF /* CryptoBuffViewController.xib in Resources */ = {isa = PBXBuildFile; fileRef = FE2933511CE21DB30096B1DF /* CryptoBuffViewController.xib */; };
		FE29335B1CE2D2420096B1DF /* LBSBuffViewController.m in Sources */ = {isa = PBXBuildFile; fileRef = FE29335A1CE2D2420096B1DF /* LBSBuffViewController.m */; };
		FE2933621CE2FA350096B1DF /* CryptoBuff.m in Sources */ = {isa = PBXBuildFile; fileRef = FE29335E1CE2FA350096B1DF /* CryptoBuff.m */; };
		FE2933631CE2FA350096B1DF /* LBSBuff.m in Sources */ = {isa = PBXBuildFile; fileRef = FE2933611CE2FA350096B1DF /* LBSBuff.m */; };
		FE2933671CE3110A0096B1DF /* FrameBuff.m in Sources */ = {isa = PBXBuildFile; fileRef = FE2933661CE3110A0096B1DF /* FrameBuff.m */; };
		FE51CBFC1CD8DE2B00A7E897 /* main.m in Sources */ = {isa = PBXBuildFile; fileRef = FE51CBFB1CD8DE2B00A7E897 /* main.m */; };
		FE51CBFF1CD8DE2B00A7E897 /* AppDelegate.m in Sources */ = {isa = PBXBuildFile; fileRef = FE51CBFE1CD8DE2B00A7E897 /* AppDelegate.m */; };
		FE51CC071CD8DE2B00A7E897 /* Assets.xcassets in Resources */ = {isa = PBXBuildFile; fileRef = FE51CC061CD8DE2B00A7E897 /* Assets.xcassets */; };
		FE51CC0A1CD8DE2B00A7E897 /* LaunchScreen.storyboard in Resources */ = {isa = PBXBuildFile; fileRef = FE51CC081CD8DE2B00A7E897 /* LaunchScreen.storyboard */; };
		FE51CC151CD8DE2B00A7E897 /* BuffDemoTests.m in Sources */ = {isa = PBXBuildFile; fileRef = FE51CC141CD8DE2B00A7E897 /* BuffDemoTests.m */; };
		FE51CC261CDAE9D600A7E897 /* BuffListViewController.m in Sources */ = {isa = PBXBuildFile; fileRef = FE51CC251CDAE9D600A7E897 /* BuffListViewController.m */; };
		FE51CC271CDAE9D600A7E897 /* BuffListViewController.m in Sources */ = {isa = PBXBuildFile; fileRef = FE51CC251CDAE9D600A7E897 /* BuffListViewController.m */; };
/* End PBXBuildFile section */

/* Begin PBXContainerItemProxy section */
		FE51CC111CD8DE2B00A7E897 /* PBXContainerItemProxy */ = {
			isa = PBXContainerItemProxy;
			containerPortal = FE51CBEF1CD8DE2B00A7E897 /* Project object */;
			proxyType = 1;
			remoteGlobalIDString = FE51CBF61CD8DE2B00A7E897;
			remoteInfo = BuffDemo;
		};
/* End PBXContainerItemProxy section */

/* Begin PBXFileReference section */
		13A6A5954022D69E9B1BF953 /* ColorBuff.m */ = {isa = PBXFileReference; fileEncoding = 4; lastKnownFileType = sourcecode.c.objc; path = ColorBuff.m; sourceTree = "<group>"; };
		13A6A6D26375ED727545E612 /* ColorBuff.h */ = {isa = PBXFileReference; fileEncoding = 4; lastKnownFileType = sourcecode.c.h; path = ColorBuff.h; sourceTree = "<group>"; };
		FE29334F1CE21DB30096B1DF /* CryptoBuffViewController.h */ = {isa = PBXFileReference; fileEncoding = 4; lastKnownFileType = sourcecode.c.h; path = CryptoBuffViewController.h; sourceTree = "<group>"; };
		FE2933501CE21DB30096B1DF /* CryptoBuffViewController.m */ = {isa = PBXFileReference; fileEncoding = 4; lastKnownFileType = sourcecode.c.objc; path = CryptoBuffViewController.m; sourceTree = "<group>"; };
		FE2933511CE21DB30096B1DF /* CryptoBuffViewController.xib */ = {isa = PBXFileReference; fileEncoding = 4; lastKnownFileType = file.xib; path = CryptoBuffViewController.xib; sourceTree = "<group>"; };
		FE2933541CE21DFC0096B1DF /* Buff.pch */ = {isa = PBXFileReference; lastKnownFileType = sourcecode.c.h; path = Buff.pch; sourceTree = "<group>"; };
		FE2933591CE2D2420096B1DF /* LBSBuffViewController.h */ = {isa = PBXFileReference; fileEncoding = 4; lastKnownFileType = sourcecode.c.h; path = LBSBuffViewController.h; sourceTree = "<group>"; };
		FE29335A1CE2D2420096B1DF /* LBSBuffViewController.m */ = {isa = PBXFileReference; fileEncoding = 4; lastKnownFileType = sourcecode.c.objc; path = LBSBuffViewController.m; sourceTree = "<group>"; };
		FE29335D1CE2FA350096B1DF /* CryptoBuff.h */ = {isa = PBXFileReference; fileEncoding = 4; lastKnownFileType = sourcecode.c.h; path = CryptoBuff.h; sourceTree = "<group>"; };
		FE29335E1CE2FA350096B1DF /* CryptoBuff.m */ = {isa = PBXFileReference; fileEncoding = 4; lastKnownFileType = sourcecode.c.objc; path = CryptoBuff.m; sourceTree = "<group>"; };
		FE2933601CE2FA350096B1DF /* LBSBuff.h */ = {isa = PBXFileReference; fileEncoding = 4; lastKnownFileType = sourcecode.c.h; path = LBSBuff.h; sourceTree = "<group>"; };
		FE2933611CE2FA350096B1DF /* LBSBuff.m */ = {isa = PBXFileReference; fileEncoding = 4; lastKnownFileType = sourcecode.c.objc; path = LBSBuff.m; sourceTree = "<group>"; };
		FE2933651CE3110A0096B1DF /* FrameBuff.h */ = {isa = PBXFileReference; fileEncoding = 4; lastKnownFileType = sourcecode.c.h; path = FrameBuff.h; sourceTree = "<group>"; };
		FE2933661CE3110A0096B1DF /* FrameBuff.m */ = {isa = PBXFileReference; fileEncoding = 4; lastKnownFileType = sourcecode.c.objc; path = FrameBuff.m; sourceTree = "<group>"; };
		FE51CBF71CD8DE2B00A7E897 /* BuffDemo.app */ = {isa = PBXFileReference; explicitFileType = wrapper.application; includeInIndex = 0; path = BuffDemo.app; sourceTree = BUILT_PRODUCTS_DIR; };
		FE51CBFB1CD8DE2B00A7E897 /* main.m */ = {isa = PBXFileReference; lastKnownFileType = sourcecode.c.objc; path = main.m; sourceTree = "<group>"; };
		FE51CBFD1CD8DE2B00A7E897 /* AppDelegate.h */ = {isa = PBXFileReference; lastKnownFileType = sourcecode.c.h; path = AppDelegate.h; sourceTree = "<group>"; };
		FE51CBFE1CD8DE2B00A7E897 /* AppDelegate.m */ = {isa = PBXFileReference; lastKnownFileType = sourcecode.c.objc; path = AppDelegate.m; sourceTree = "<group>"; };
		FE51CC061CD8DE2B00A7E897 /* Assets.xcassets */ = {isa = PBXFileReference; lastKnownFileType = folder.assetcatalog; path = Assets.xcassets; sourceTree = "<group>"; };
		FE51CC091CD8DE2B00A7E897 /* Base */ = {isa = PBXFileReference; lastKnownFileType = file.storyboard; name = Base; path = Base.lproj/LaunchScreen.storyboard; sourceTree = "<group>"; };
		FE51CC0B1CD8DE2B00A7E897 /* Info.plist */ = {isa = PBXFileReference; lastKnownFileType = text.plist.xml; path = Info.plist; sourceTree = "<group>"; };
		FE51CC101CD8DE2B00A7E897 /* BuffDemoTests.xctest */ = {isa = PBXFileReference; explicitFileType = wrapper.cfbundle; includeInIndex = 0; path = BuffDemoTests.xctest; sourceTree = BUILT_PRODUCTS_DIR; };
		FE51CC141CD8DE2B00A7E897 /* BuffDemoTests.m */ = {isa = PBXFileReference; lastKnownFileType = sourcecode.c.objc; path = BuffDemoTests.m; sourceTree = "<group>"; };
		FE51CC161CD8DE2B00A7E897 /* Info.plist */ = {isa = PBXFileReference; lastKnownFileType = text.plist.xml; path = Info.plist; sourceTree = "<group>"; };
		FE51CC241CDAE9D600A7E897 /* BuffListViewController.h */ = {isa = PBXFileReference; fileEncoding = 4; lastKnownFileType = sourcecode.c.h; path = BuffListViewController.h; sourceTree = "<group>"; };
		FE51CC251CDAE9D600A7E897 /* BuffListViewController.m */ = {isa = PBXFileReference; fileEncoding = 4; lastKnownFileType = sourcecode.c.objc; path = BuffListViewController.m; sourceTree = "<group>"; };
		FEE05EB81CDB061A0019F2D3 /* BuffKit.h */ = {isa = PBXFileReference; lastKnownFileType = sourcecode.c.h; path = BuffKit.h; sourceTree = "<group>"; };
/* End PBXFileReference section */

/* Begin PBXFrameworksBuildPhase section */
		FE51CBF41CD8DE2B00A7E897 /* Frameworks */ = {
			isa = PBXFrameworksBuildPhase;
			buildActionMask = 2147483647;
			files = (
			);
			runOnlyForDeploymentPostprocessing = 0;
		};
		FE51CC0D1CD8DE2B00A7E897 /* Frameworks */ = {
			isa = PBXFrameworksBuildPhase;
			buildActionMask = 2147483647;
			files = (
			);
			runOnlyForDeploymentPostprocessing = 0;
		};
/* End PBXFrameworksBuildPhase section */

/* Begin PBXGroup section */
		13A6A88FD2B11B4F3C5F23BC /* ColorBuff */ = {
			isa = PBXGroup;
			children = (
				13A6A6D26375ED727545E612 /* ColorBuff.h */,
				13A6A5954022D69E9B1BF953 /* ColorBuff.m */,
			);
			path = ColorBuff;
			sourceTree = "<group>";
		};
		FE29334E1CE21D8E0096B1DF /* CryptoBuff */ = {
			isa = PBXGroup;
			children = (
				FE29334F1CE21DB30096B1DF /* CryptoBuffViewController.h */,
				FE2933501CE21DB30096B1DF /* CryptoBuffViewController.m */,
				FE2933511CE21DB30096B1DF /* CryptoBuffViewController.xib */,
			);
			path = CryptoBuff;
			sourceTree = "<group>";
		};
		FE2933581CE2D2330096B1DF /* LBSBuff */ = {
			isa = PBXGroup;
			children = (
				FE2933591CE2D2420096B1DF /* LBSBuffViewController.h */,
				FE29335A1CE2D2420096B1DF /* LBSBuffViewController.m */,
			);
			path = LBSBuff;
			sourceTree = "<group>";
		};
		FE29335C1CE2FA350096B1DF /* CryptoBuff */ = {
			isa = PBXGroup;
			children = (
				FE29335D1CE2FA350096B1DF /* CryptoBuff.h */,
				FE29335E1CE2FA350096B1DF /* CryptoBuff.m */,
			);
			path = CryptoBuff;
			sourceTree = "<group>";
		};
		FE29335F1CE2FA350096B1DF /* LBSBuff */ = {
			isa = PBXGroup;
			children = (
				FE2933601CE2FA350096B1DF /* LBSBuff.h */,
				FE2933611CE2FA350096B1DF /* LBSBuff.m */,
			);
			path = LBSBuff;
			sourceTree = "<group>";
		};
		FE2933641CE310EC0096B1DF /* FrameBuff */ = {
			isa = PBXGroup;
			children = (
				FE2933651CE3110A0096B1DF /* FrameBuff.h */,
				FE2933661CE3110A0096B1DF /* FrameBuff.m */,
			);
			path = FrameBuff;
			sourceTree = "<group>";
		};
		FE51CBEE1CD8DE2B00A7E897 = {
			isa = PBXGroup;
			children = (
				FE51CBF91CD8DE2B00A7E897 /* BuffDemo */,
				FE51CC131CD8DE2B00A7E897 /* BuffDemoTests */,
				FE51CBF81CD8DE2B00A7E897 /* Products */,
			);
			sourceTree = "<group>";
		};
		FE51CBF81CD8DE2B00A7E897 /* Products */ = {
			isa = PBXGroup;
			children = (
				FE51CBF71CD8DE2B00A7E897 /* BuffDemo.app */,
				FE51CC101CD8DE2B00A7E897 /* BuffDemoTests.xctest */,
			);
			name = Products;
			sourceTree = "<group>";
		};
		FE51CBF91CD8DE2B00A7E897 /* BuffDemo */ = {
			isa = PBXGroup;
			children = (
				FE51CBFD1CD8DE2B00A7E897 /* AppDelegate.h */,
				FE51CBFE1CD8DE2B00A7E897 /* AppDelegate.m */,
				FE2933541CE21DFC0096B1DF /* Buff.pch */,
				FE51CC241CDAE9D600A7E897 /* BuffListViewController.h */,
				FE51CC251CDAE9D600A7E897 /* BuffListViewController.m */,
				FE2933581CE2D2330096B1DF /* LBSBuff */,
				FE29334E1CE21D8E0096B1DF /* CryptoBuff */,
				FE51CC061CD8DE2B00A7E897 /* Assets.xcassets */,
				FE51CC081CD8DE2B00A7E897 /* LaunchScreen.storyboard */,
				FE51CC0B1CD8DE2B00A7E897 /* Info.plist */,
				FE51CC1F1CDAE7C400A7E897 /* BuffKit */,
				FE51CBFA1CD8DE2B00A7E897 /* Supporting Files */,
			);
			path = BuffDemo;
			sourceTree = "<group>";
		};
		FE51CBFA1CD8DE2B00A7E897 /* Supporting Files */ = {
			isa = PBXGroup;
			children = (
				FE51CBFB1CD8DE2B00A7E897 /* main.m */,
			);
			name = "Supporting Files";
			sourceTree = "<group>";
		};
		FE51CC131CD8DE2B00A7E897 /* BuffDemoTests */ = {
			isa = PBXGroup;
			children = (
				FE51CC141CD8DE2B00A7E897 /* BuffDemoTests.m */,
				FE51CC161CD8DE2B00A7E897 /* Info.plist */,
			);
			path = BuffDemoTests;
			sourceTree = "<group>";
		};
		FE51CC1F1CDAE7C400A7E897 /* BuffKit */ = {
			isa = PBXGroup;
			children = (
				FE2933641CE310EC0096B1DF /* FrameBuff */,
				FE29335C1CE2FA350096B1DF /* CryptoBuff */,
				FE29335F1CE2FA350096B1DF /* LBSBuff */,
				FEE05EB81CDB061A0019F2D3 /* BuffKit.h */,
				13A6A88FD2B11B4F3C5F23BC /* ColorBuff */,
			);
			name = BuffKit;
			path = ../../BuffKit;
			sourceTree = "<group>";
		};
/* End PBXGroup section */

/* Begin PBXNativeTarget section */
		FE51CBF61CD8DE2B00A7E897 /* BuffDemo */ = {
			isa = PBXNativeTarget;
			buildConfigurationList = FE51CC191CD8DE2B00A7E897 /* Build configuration list for PBXNativeTarget "BuffDemo" */;
			buildPhases = (
				FE51CBF31CD8DE2B00A7E897 /* Sources */,
				FE51CBF41CD8DE2B00A7E897 /* Frameworks */,
				FE51CBF51CD8DE2B00A7E897 /* Resources */,
			);
			buildRules = (
			);
			dependencies = (
			);
			name = BuffDemo;
			productName = BuffDemo;
			productReference = FE51CBF71CD8DE2B00A7E897 /* BuffDemo.app */;
			productType = "com.apple.product-type.application";
		};
		FE51CC0F1CD8DE2B00A7E897 /* BuffDemoTests */ = {
			isa = PBXNativeTarget;
			buildConfigurationList = FE51CC1C1CD8DE2B00A7E897 /* Build configuration list for PBXNativeTarget "BuffDemoTests" */;
			buildPhases = (
				FE51CC0C1CD8DE2B00A7E897 /* Sources */,
				FE51CC0D1CD8DE2B00A7E897 /* Frameworks */,
				FE51CC0E1CD8DE2B00A7E897 /* Resources */,
			);
			buildRules = (
			);
			dependencies = (
				FE51CC121CD8DE2B00A7E897 /* PBXTargetDependency */,
			);
			name = BuffDemoTests;
			productName = BuffDemoTests;
			productReference = FE51CC101CD8DE2B00A7E897 /* BuffDemoTests.xctest */;
			productType = "com.apple.product-type.bundle.unit-test";
		};
/* End PBXNativeTarget section */

/* Begin PBXProject section */
		FE51CBEF1CD8DE2B00A7E897 /* Project object */ = {
			isa = PBXProject;
			attributes = {
				LastUpgradeCheck = 0730;
				ORGANIZATIONNAME = BoWang;
				TargetAttributes = {
					FE51CBF61CD8DE2B00A7E897 = {
						CreatedOnToolsVersion = 7.3;
					};
					FE51CC0F1CD8DE2B00A7E897 = {
						CreatedOnToolsVersion = 7.3;
						TestTargetID = FE51CBF61CD8DE2B00A7E897;
					};
				};
			};
			buildConfigurationList = FE51CBF21CD8DE2B00A7E897 /* Build configuration list for PBXProject "BuffDemo" */;
			compatibilityVersion = "Xcode 3.2";
			developmentRegion = English;
			hasScannedForEncodings = 0;
			knownRegions = (
				en,
				Base,
			);
			mainGroup = FE51CBEE1CD8DE2B00A7E897;
			productRefGroup = FE51CBF81CD8DE2B00A7E897 /* Products */;
			projectDirPath = "";
			projectRoot = "";
			targets = (
				FE51CBF61CD8DE2B00A7E897 /* BuffDemo */,
				FE51CC0F1CD8DE2B00A7E897 /* BuffDemoTests */,
			);
		};
/* End PBXProject section */

/* Begin PBXResourcesBuildPhase section */
		FE51CBF51CD8DE2B00A7E897 /* Resources */ = {
			isa = PBXResourcesBuildPhase;
			buildActionMask = 2147483647;
			files = (
				FE51CC0A1CD8DE2B00A7E897 /* LaunchScreen.storyboard in Resources */,
				FE51CC071CD8DE2B00A7E897 /* Assets.xcassets in Resources */,
				FE2933531CE21DB30096B1DF /* CryptoBuffViewController.xib in Resources */,
			);
			runOnlyForDeploymentPostprocessing = 0;
		};
		FE51CC0E1CD8DE2B00A7E897 /* Resources */ = {
			isa = PBXResourcesBuildPhase;
			buildActionMask = 2147483647;
			files = (
			);
			runOnlyForDeploymentPostprocessing = 0;
		};
/* End PBXResourcesBuildPhase section */

/* Begin PBXSourcesBuildPhase section */
		FE51CBF31CD8DE2B00A7E897 /* Sources */ = {
			isa = PBXSourcesBuildPhase;
			buildActionMask = 2147483647;
			files = (
				FE29335B1CE2D2420096B1DF /* LBSBuffViewController.m in Sources */,
				FE2933631CE2FA350096B1DF /* LBSBuff.m in Sources */,
				FE2933521CE21DB30096B1DF /* CryptoBuffViewController.m in Sources */,
				FE51CBFF1CD8DE2B00A7E897 /* AppDelegate.m in Sources */,
				FE2933671CE3110A0096B1DF /* FrameBuff.m in Sources */,
				FE2933621CE2FA350096B1DF /* CryptoBuff.m in Sources */,
				FE51CC261CDAE9D600A7E897 /* BuffListViewController.m in Sources */,
				FE51CBFC1CD8DE2B00A7E897 /* main.m in Sources */,
				13A6A5AB58F71E3F4E4A9E42 /* ColorBuff.m in Sources */,
			);
			runOnlyForDeploymentPostprocessing = 0;
		};
		FE51CC0C1CD8DE2B00A7E897 /* Sources */ = {
			isa = PBXSourcesBuildPhase;
			buildActionMask = 2147483647;
			files = (
				FE51CC151CD8DE2B00A7E897 /* BuffDemoTests.m in Sources */,
				FE51CC271CDAE9D600A7E897 /* BuffListViewController.m in Sources */,
			);
			runOnlyForDeploymentPostprocessing = 0;
		};
/* End PBXSourcesBuildPhase section */

/* Begin PBXTargetDependency section */
		FE51CC121CD8DE2B00A7E897 /* PBXTargetDependency */ = {
			isa = PBXTargetDependency;
			target = FE51CBF61CD8DE2B00A7E897 /* BuffDemo */;
			targetProxy = FE51CC111CD8DE2B00A7E897 /* PBXContainerItemProxy */;
		};
/* End PBXTargetDependency section */

/* Begin PBXVariantGroup section */
		FE51CC081CD8DE2B00A7E897 /* LaunchScreen.storyboard */ = {
			isa = PBXVariantGroup;
			children = (
				FE51CC091CD8DE2B00A7E897 /* Base */,
			);
			name = LaunchScreen.storyboard;
			sourceTree = "<group>";
		};
/* End PBXVariantGroup section */

/* Begin XCBuildConfiguration section */
		FE51CC171CD8DE2B00A7E897 /* Debug */ = {
			isa = XCBuildConfiguration;
			buildSettings = {
				ALWAYS_SEARCH_USER_PATHS = YES;
				CLANG_ANALYZER_NONNULL = YES;
				CLANG_CXX_LANGUAGE_STANDARD = "gnu++0x";
				CLANG_CXX_LIBRARY = "libc++";
				CLANG_ENABLE_MODULES = YES;
				CLANG_ENABLE_OBJC_ARC = YES;
				CLANG_WARN_BOOL_CONVERSION = YES;
				CLANG_WARN_CONSTANT_CONVERSION = YES;
				CLANG_WARN_DIRECT_OBJC_ISA_USAGE = YES_ERROR;
				CLANG_WARN_EMPTY_BODY = YES;
				CLANG_WARN_ENUM_CONVERSION = YES;
				CLANG_WARN_INT_CONVERSION = YES;
				CLANG_WARN_OBJC_ROOT_CLASS = YES_ERROR;
				CLANG_WARN_UNREACHABLE_CODE = YES;
				CLANG_WARN__DUPLICATE_METHOD_MATCH = YES;
				"CODE_SIGN_IDENTITY[sdk=iphoneos*]" = "iPhone Developer";
				COPY_PHASE_STRIP = NO;
				DEBUG_INFORMATION_FORMAT = dwarf;
				ENABLE_STRICT_OBJC_MSGSEND = YES;
				ENABLE_TESTABILITY = YES;
				GCC_C_LANGUAGE_STANDARD = gnu99;
				GCC_DYNAMIC_NO_PIC = NO;
				GCC_NO_COMMON_BLOCKS = YES;
				GCC_OPTIMIZATION_LEVEL = 0;
				GCC_PREPROCESSOR_DEFINITIONS = (
					"DEBUG=1",
					"$(inherited)",
				);
				GCC_WARN_64_TO_32_BIT_CONVERSION = YES;
				GCC_WARN_ABOUT_RETURN_TYPE = YES_ERROR;
				GCC_WARN_UNDECLARED_SELECTOR = YES;
				GCC_WARN_UNINITIALIZED_AUTOS = YES_AGGRESSIVE;
				GCC_WARN_UNUSED_FUNCTION = YES;
				GCC_WARN_UNUSED_VARIABLE = YES;
				IPHONEOS_DEPLOYMENT_TARGET = 9.3;
				MTL_ENABLE_DEBUG_INFO = YES;
				ONLY_ACTIVE_ARCH = YES;
				SDKROOT = iphoneos;
			};
			name = Debug;
		};
		FE51CC181CD8DE2B00A7E897 /* Release */ = {
			isa = XCBuildConfiguration;
			buildSettings = {
				ALWAYS_SEARCH_USER_PATHS = YES;
				CLANG_ANALYZER_NONNULL = YES;
				CLANG_CXX_LANGUAGE_STANDARD = "gnu++0x";
				CLANG_CXX_LIBRARY = "libc++";
				CLANG_ENABLE_MODULES = YES;
				CLANG_ENABLE_OBJC_ARC = YES;
				CLANG_WARN_BOOL_CONVERSION = YES;
				CLANG_WARN_CONSTANT_CONVERSION = YES;
				CLANG_WARN_DIRECT_OBJC_ISA_USAGE = YES_ERROR;
				CLANG_WARN_EMPTY_BODY = YES;
				CLANG_WARN_ENUM_CONVERSION = YES;
				CLANG_WARN_INT_CONVERSION = YES;
				CLANG_WARN_OBJC_ROOT_CLASS = YES_ERROR;
				CLANG_WARN_UNREACHABLE_CODE = YES;
				CLANG_WARN__DUPLICATE_METHOD_MATCH = YES;
				"CODE_SIGN_IDENTITY[sdk=iphoneos*]" = "iPhone Developer";
				COPY_PHASE_STRIP = NO;
				DEBUG_INFORMATION_FORMAT = "dwarf-with-dsym";
				ENABLE_NS_ASSERTIONS = NO;
				ENABLE_STRICT_OBJC_MSGSEND = YES;
				GCC_C_LANGUAGE_STANDARD = gnu99;
				GCC_NO_COMMON_BLOCKS = YES;
				GCC_WARN_64_TO_32_BIT_CONVERSION = YES;
				GCC_WARN_ABOUT_RETURN_TYPE = YES_ERROR;
				GCC_WARN_UNDECLARED_SELECTOR = YES;
				GCC_WARN_UNINITIALIZED_AUTOS = YES_AGGRESSIVE;
				GCC_WARN_UNUSED_FUNCTION = YES;
				GCC_WARN_UNUSED_VARIABLE = YES;
				IPHONEOS_DEPLOYMENT_TARGET = 9.3;
				MTL_ENABLE_DEBUG_INFO = NO;
				SDKROOT = iphoneos;
				VALIDATE_PRODUCT = YES;
			};
			name = Release;
		};
		FE51CC1A1CD8DE2B00A7E897 /* Debug */ = {
			isa = XCBuildConfiguration;
			buildSettings = {
				ASSETCATALOG_COMPILER_APPICON_NAME = AppIcon;
				GCC_PRECOMPILE_PREFIX_HEADER = YES;
				GCC_PREFIX_HEADER = "$(SRCROOT)/BuffDemo/Buff.pch";
				INFOPLIST_FILE = BuffDemo/Info.plist;
				IPHONEOS_DEPLOYMENT_TARGET = 8.0;
				LD_RUNPATH_SEARCH_PATHS = "$(inherited) @executable_path/Frameworks";
				PRODUCT_BUNDLE_IDENTIFIER = r4l.BuffDemo;
				PRODUCT_NAME = "$(TARGET_NAME)";
			};
			name = Debug;
		};
		FE51CC1B1CD8DE2B00A7E897 /* Release */ = {
			isa = XCBuildConfiguration;
			buildSettings = {
				ASSETCATALOG_COMPILER_APPICON_NAME = AppIcon;
				GCC_PRECOMPILE_PREFIX_HEADER = YES;
				GCC_PREFIX_HEADER = "$(SRCROOT)/BuffDemo/Buff.pch";
				INFOPLIST_FILE = BuffDemo/Info.plist;
				IPHONEOS_DEPLOYMENT_TARGET = 8.0;
				LD_RUNPATH_SEARCH_PATHS = "$(inherited) @executable_path/Frameworks";
				PRODUCT_BUNDLE_IDENTIFIER = r4l.BuffDemo;
				PRODUCT_NAME = "$(TARGET_NAME)";
			};
			name = Release;
		};
		FE51CC1D1CD8DE2B00A7E897 /* Debug */ = {
			isa = XCBuildConfiguration;
			buildSettings = {
				BUNDLE_LOADER = "$(TEST_HOST)";
				INFOPLIST_FILE = BuffDemoTests/Info.plist;
				LD_RUNPATH_SEARCH_PATHS = "$(inherited) @executable_path/Frameworks @loader_path/Frameworks";
				PRODUCT_BUNDLE_IDENTIFIER = r4l.BuffDemoTests;
				PRODUCT_NAME = "$(TARGET_NAME)";
				TEST_HOST = "$(BUILT_PRODUCTS_DIR)/BuffDemo.app/BuffDemo";
			};
			name = Debug;
		};
		FE51CC1E1CD8DE2B00A7E897 /* Release */ = {
			isa = XCBuildConfiguration;
			buildSettings = {
				BUNDLE_LOADER = "$(TEST_HOST)";
				INFOPLIST_FILE = BuffDemoTests/Info.plist;
				LD_RUNPATH_SEARCH_PATHS = "$(inherited) @executable_path/Frameworks @loader_path/Frameworks";
				PRODUCT_BUNDLE_IDENTIFIER = r4l.BuffDemoTests;
				PRODUCT_NAME = "$(TARGET_NAME)";
				TEST_HOST = "$(BUILT_PRODUCTS_DIR)/BuffDemo.app/BuffDemo";
			};
			name = Release;
		};
/* End XCBuildConfiguration section */

/* Begin XCConfigurationList section */
		FE51CBF21CD8DE2B00A7E897 /* Build configuration list for PBXProject "BuffDemo" */ = {
			isa = XCConfigurationList;
			buildConfigurations = (
				FE51CC171CD8DE2B00A7E897 /* Debug */,
				FE51CC181CD8DE2B00A7E897 /* Release */,
			);
			defaultConfigurationIsVisible = 0;
			defaultConfigurationName = Release;
		};
		FE51CC191CD8DE2B00A7E897 /* Build configuration list for PBXNativeTarget "BuffDemo" */ = {
			isa = XCConfigurationList;
			buildConfigurations = (
				FE51CC1A1CD8DE2B00A7E897 /* Debug */,
				FE51CC1B1CD8DE2B00A7E897 /* Release */,
			);
			defaultConfigurationIsVisible = 0;
			defaultConfigurationName = Release;
		};
		FE51CC1C1CD8DE2B00A7E897 /* Build configuration list for PBXNativeTarget "BuffDemoTests" */ = {
			isa = XCConfigurationList;
			buildConfigurations = (
				FE51CC1D1CD8DE2B00A7E897 /* Debug */,
				FE51CC1E1CD8DE2B00A7E897 /* Release */,
			);
			defaultConfigurationIsVisible = 0;
			defaultConfigurationName = Release;
		};
/* End XCConfigurationList section */
	};
	rootObject = FE51CBEF1CD8DE2B00A7E897 /* Project object */;
}
