// !$*UTF8*$!
{
	archiveVersion = 1;
	classes = {
	};
	objectVersion = 46;
	objects = {

/* Begin PBXBuildFile section */
		13A6A27E32ECCB3F0B1A4B04 /* BuffKit.podspec in Resources */ = {isa = PBXBuildFile; fileRef = 13A6ABAB4D4DCD403A186681 /* BuffKit.podspec */; };
		13A6A5AB58F71E3F4E4A9E42 /* ColorBuff.m in Sources */ = {isa = PBXBuildFile; fileRef = 13A6A5954022D69E9B1BF953 /* ColorBuff.m */; };
		13A6A6A424AD496A9DFE30E7 /* LICENSE in Resources */ = {isa = PBXBuildFile; fileRef = 13A6A7A7A2B5DC4C0515E80F /* LICENSE */; };
		13A6A7BD9347F3A60459A112 /* NullBuff.m in Sources */ = {isa = PBXBuildFile; fileRef = 13A6AFAA8289A356450646CC /* NullBuff.m */; };
		13A6A8EA5C90ACC7F4D8AA75 /* CellBuff.m in Sources */ = {isa = PBXBuildFile; fileRef = 13A6AAFC7E12A2575CFEE3A5 /* CellBuff.m */; };
		13A6A9E70906333FDD7A1118 /* README.md in Sources */ = {isa = PBXBuildFile; fileRef = 13A6A0FF3BBE72E10CD40266 /* README.md */; };
		13A6AA1222AEC2A81F826008 /* RootSplitBuff.m in Sources */ = {isa = PBXBuildFile; fileRef = 13A6A0DE6EF5BE73C9184418 /* RootSplitBuff.m */; };
		2D4908761D0D36F500C4066F /* WallPaper.jpg in Resources */ = {isa = PBXBuildFile; fileRef = 2D4908751D0D36F500C4066F /* WallPaper.jpg */; };
		FE2933621CE2FA350096B1DF /* CryptoBuff.m in Sources */ = {isa = PBXBuildFile; fileRef = FE29335E1CE2FA350096B1DF /* CryptoBuff.m */; };
		FE2933631CE2FA350096B1DF /* LBSBuff.m in Sources */ = {isa = PBXBuildFile; fileRef = FE2933611CE2FA350096B1DF /* LBSBuff.m */; };
		FE2933671CE3110A0096B1DF /* FrameBuff.m in Sources */ = {isa = PBXBuildFile; fileRef = FE2933661CE3110A0096B1DF /* FrameBuff.m */; };
		FE4616D11D17B3F600BEE9B6 /* WallPaper2.jpg in Resources */ = {isa = PBXBuildFile; fileRef = FE4616D01D17B3F600BEE9B6 /* WallPaper2.jpg */; };
		FE51CBFC1CD8DE2B00A7E897 /* main.m in Sources */ = {isa = PBXBuildFile; fileRef = FE51CBFB1CD8DE2B00A7E897 /* main.m */; };
		FE51CBFF1CD8DE2B00A7E897 /* AppDelegate.m in Sources */ = {isa = PBXBuildFile; fileRef = FE51CBFE1CD8DE2B00A7E897 /* AppDelegate.m */; };
		FE51CC071CD8DE2B00A7E897 /* Assets.xcassets in Resources */ = {isa = PBXBuildFile; fileRef = FE51CC061CD8DE2B00A7E897 /* Assets.xcassets */; };
		FE51CC0A1CD8DE2B00A7E897 /* LaunchScreen.storyboard in Resources */ = {isa = PBXBuildFile; fileRef = FE51CC081CD8DE2B00A7E897 /* LaunchScreen.storyboard */; };
		FE51CC151CD8DE2B00A7E897 /* BuffDemoTests.m in Sources */ = {isa = PBXBuildFile; fileRef = FE51CC141CD8DE2B00A7E897 /* BuffDemoTests.m */; };
		FE51CC261CDAE9D600A7E897 /* BuffListViewController.m in Sources */ = {isa = PBXBuildFile; fileRef = FE51CC251CDAE9D600A7E897 /* BuffListViewController.m */; };
		FE51CC271CDAE9D600A7E897 /* BuffListViewController.m in Sources */ = {isa = PBXBuildFile; fileRef = FE51CC251CDAE9D600A7E897 /* BuffListViewController.m */; };
		FE83B7E41D224DDA00EE98A0 /* LoopViewController.m in Sources */ = {isa = PBXBuildFile; fileRef = FE83B7E31D224DDA00EE98A0 /* LoopViewController.m */; };
		FE83B7EC1D224DF300EE98A0 /* CryptoBuffViewController.m in Sources */ = {isa = PBXBuildFile; fileRef = FE83B7E71D224DF300EE98A0 /* CryptoBuffViewController.m */; };
		FE83B7ED1D224DF300EE98A0 /* lbsbuff.jpg in Resources */ = {isa = PBXBuildFile; fileRef = FE83B7E91D224DF300EE98A0 /* lbsbuff.jpg */; };
		FE83B7EE1D224DF300EE98A0 /* LBSBuffViewController.m in Sources */ = {isa = PBXBuildFile; fileRef = FE83B7EB1D224DF300EE98A0 /* LBSBuffViewController.m */; };
		FEE958D51D128BF7000BF979 /* BuffLeftViewController.m in Sources */ = {isa = PBXBuildFile; fileRef = FEE958D41D128BF7000BF979 /* BuffLeftViewController.m */; };
		FEE958D81D128C05000BF979 /* BuffRightViewController.m in Sources */ = {isa = PBXBuildFile; fileRef = FEE958D71D128C05000BF979 /* BuffRightViewController.m */; };
		FEFBCBD71D40D1690076DD8E /* loop2.jpg in Resources */ = {isa = PBXBuildFile; fileRef = FEFBCBD51D40D1690076DD8E /* loop2.jpg */; };
		FEFBCBD81D40D1690076DD8E /* loop1.jpg in Resources */ = {isa = PBXBuildFile; fileRef = FEFBCBD61D40D1690076DD8E /* loop1.jpg */; };
		FEFBCBDC1D4113410076DD8E /* BFLoopView.m in Sources */ = {isa = PBXBuildFile; fileRef = FEFBCBDB1D4113410076DD8E /* BFLoopView.m */; };
/* End PBXBuildFile section */

/* Begin PBXContainerItemProxy section */
		FE51CC111CD8DE2B00A7E897 /* PBXContainerItemProxy */ = {
			isa = PBXContainerItemProxy;
			containerPortal = FE51CBEF1CD8DE2B00A7E897 /* Project object */;
			proxyType = 1;
			remoteGlobalIDString = FE51CBF61CD8DE2B00A7E897;
			remoteInfo = BuffDemo;
		};
/* End PBXContainerItemProxy section */

/* Begin PBXFileReference section */
		13A6A0DE6EF5BE73C9184418 /* RootSplitBuff.m */ = {isa = PBXFileReference; fileEncoding = 4; lastKnownFileType = sourcecode.c.objc; path = RootSplitBuff.m; sourceTree = "<group>"; };
		13A6A0FF3BBE72E10CD40266 /* README.md */ = {isa = PBXFileReference; fileEncoding = 4; lastKnownFileType = net.daringfireball.markdown; name = README.md; path = ../README.md; sourceTree = "<group>"; };
		13A6A4EE76F99FD0A62A0A41 /* RootSplitBuff.h */ = {isa = PBXFileReference; fileEncoding = 4; lastKnownFileType = sourcecode.c.h; path = RootSplitBuff.h; sourceTree = "<group>"; };
		13A6A5954022D69E9B1BF953 /* ColorBuff.m */ = {isa = PBXFileReference; fileEncoding = 4; lastKnownFileType = sourcecode.c.objc; path = ColorBuff.m; sourceTree = "<group>"; };
		13A6A6D26375ED727545E612 /* ColorBuff.h */ = {isa = PBXFileReference; fileEncoding = 4; lastKnownFileType = sourcecode.c.h; path = ColorBuff.h; sourceTree = "<group>"; };
		13A6A7A7A2B5DC4C0515E80F /* LICENSE */ = {isa = PBXFileReference; fileEncoding = 4; lastKnownFileType = text; name = LICENSE; path = ../LICENSE; sourceTree = "<group>"; };
		13A6A8DDEF453B15D7A220D7 /* NullBuff.h */ = {isa = PBXFileReference; fileEncoding = 4; lastKnownFileType = sourcecode.c.h; path = NullBuff.h; sourceTree = "<group>"; };
		13A6AAFC7E12A2575CFEE3A5 /* CellBuff.m */ = {isa = PBXFileReference; fileEncoding = 4; lastKnownFileType = sourcecode.c.objc; path = CellBuff.m; sourceTree = "<group>"; };
		13A6ABAB4D4DCD403A186681 /* BuffKit.podspec */ = {isa = PBXFileReference; lastKnownFileType = file.podspec; name = BuffKit.podspec; path = ../BuffKit.podspec; sourceTree = "<group>"; };
		13A6AF40F80251F84DA0032A /* CellBuff.h */ = {isa = PBXFileReference; fileEncoding = 4; lastKnownFileType = sourcecode.c.h; path = CellBuff.h; sourceTree = "<group>"; };
		13A6AFAA8289A356450646CC /* NullBuff.m */ = {isa = PBXFileReference; fileEncoding = 4; lastKnownFileType = sourcecode.c.objc; path = NullBuff.m; sourceTree = "<group>"; };
		2D4908751D0D36F500C4066F /* WallPaper.jpg */ = {isa = PBXFileReference; lastKnownFileType = image.jpeg; path = WallPaper.jpg; sourceTree = "<group>"; };
		FE2933541CE21DFC0096B1DF /* Buff.pch */ = {isa = PBXFileReference; lastKnownFileType = sourcecode.c.h; path = Buff.pch; sourceTree = "<group>"; };
		FE29335D1CE2FA350096B1DF /* CryptoBuff.h */ = {isa = PBXFileReference; fileEncoding = 4; lastKnownFileType = sourcecode.c.h; path = CryptoBuff.h; sourceTree = "<group>"; };
		FE29335E1CE2FA350096B1DF /* CryptoBuff.m */ = {isa = PBXFileReference; fileEncoding = 4; lastKnownFileType = sourcecode.c.objc; path = CryptoBuff.m; sourceTree = "<group>"; };
		FE2933601CE2FA350096B1DF /* LBSBuff.h */ = {isa = PBXFileReference; fileEncoding = 4; lastKnownFileType = sourcecode.c.h; path = LBSBuff.h; sourceTree = "<group>"; };
		FE2933611CE2FA350096B1DF /* LBSBuff.m */ = {isa = PBXFileReference; fileEncoding = 4; lastKnownFileType = sourcecode.c.objc; path = LBSBuff.m; sourceTree = "<group>"; };
		FE2933651CE3110A0096B1DF /* FrameBuff.h */ = {isa = PBXFileReference; fileEncoding = 4; lastKnownFileType = sourcecode.c.h; path = FrameBuff.h; sourceTree = "<group>"; };
		FE2933661CE3110A0096B1DF /* FrameBuff.m */ = {isa = PBXFileReference; fileEncoding = 4; lastKnownFileType = sourcecode.c.objc; path = FrameBuff.m; sourceTree = "<group>"; };
		FE4616D01D17B3F600BEE9B6 /* WallPaper2.jpg */ = {isa = PBXFileReference; lastKnownFileType = image.jpeg; path = WallPaper2.jpg; sourceTree = "<group>"; };
		FE51CBF71CD8DE2B00A7E897 /* BuffDemo.app */ = {isa = PBXFileReference; explicitFileType = wrapper.application; includeInIndex = 0; path = BuffDemo.app; sourceTree = BUILT_PRODUCTS_DIR; };
		FE51CBFB1CD8DE2B00A7E897 /* main.m */ = {isa = PBXFileReference; lastKnownFileType = sourcecode.c.objc; path = main.m; sourceTree = "<group>"; };
		FE51CBFD1CD8DE2B00A7E897 /* AppDelegate.h */ = {isa = PBXFileReference; lastKnownFileType = sourcecode.c.h; path = AppDelegate.h; sourceTree = "<group>"; };
		FE51CBFE1CD8DE2B00A7E897 /* AppDelegate.m */ = {isa = PBXFileReference; lastKnownFileType = sourcecode.c.objc; path = AppDelegate.m; sourceTree = "<group>"; };
		FE51CC061CD8DE2B00A7E897 /* Assets.xcassets */ = {isa = PBXFileReference; lastKnownFileType = folder.assetcatalog; path = Assets.xcassets; sourceTree = "<group>"; };
		FE51CC091CD8DE2B00A7E897 /* Base */ = {isa = PBXFileReference; lastKnownFileType = file.storyboard; name = Base; path = Base.lproj/LaunchScreen.storyboard; sourceTree = "<group>"; };
		FE51CC0B1CD8DE2B00A7E897 /* Info.plist */ = {isa = PBXFileReference; lastKnownFileType = text.plist.xml; path = Info.plist; sourceTree = "<group>"; };
		FE51CC101CD8DE2B00A7E897 /* BuffDemoTests.xctest */ = {isa = PBXFileReference; explicitFileType = wrapper.cfbundle; includeInIndex = 0; path = BuffDemoTests.xctest; sourceTree = BUILT_PRODUCTS_DIR; };
		FE51CC141CD8DE2B00A7E897 /* BuffDemoTests.m */ = {isa = PBXFileReference; lastKnownFileType = sourcecode.c.objc; path = BuffDemoTests.m; sourceTree = "<group>"; };
		FE51CC161CD8DE2B00A7E897 /* Info.plist */ = {isa = PBXFileReference; lastKnownFileType = text.plist.xml; path = Info.plist; sourceTree = "<group>"; };
		FE51CC241CDAE9D600A7E897 /* BuffListViewController.h */ = {isa = PBXFileReference; fileEncoding = 4; lastKnownFileType = sourcecode.c.h; path = BuffListViewController.h; sourceTree = "<group>"; };
		FE51CC251CDAE9D600A7E897 /* BuffListViewController.m */ = {isa = PBXFileReference; fileEncoding = 4; lastKnownFileType = sourcecode.c.objc; path = BuffListViewController.m; sourceTree = "<group>"; };
		FE83B7E21D224DDA00EE98A0 /* LoopViewController.h */ = {isa = PBXFileReference; fileEncoding = 4; lastKnownFileType = sourcecode.c.h; path = LoopViewController.h; sourceTree = "<group>"; };
		FE83B7E31D224DDA00EE98A0 /* LoopViewController.m */ = {isa = PBXFileReference; fileEncoding = 4; lastKnownFileType = sourcecode.c.objc; path = LoopViewController.m; sourceTree = "<group>"; };
		FE83B7E61D224DF300EE98A0 /* CryptoBuffViewController.h */ = {isa = PBXFileReference; fileEncoding = 4; lastKnownFileType = sourcecode.c.h; path = CryptoBuffViewController.h; sourceTree = "<group>"; };
		FE83B7E71D224DF300EE98A0 /* CryptoBuffViewController.m */ = {isa = PBXFileReference; fileEncoding = 4; lastKnownFileType = sourcecode.c.objc; path = CryptoBuffViewController.m; sourceTree = "<group>"; };
		FE83B7E91D224DF300EE98A0 /* lbsbuff.jpg */ = {isa = PBXFileReference; lastKnownFileType = image.jpeg; path = lbsbuff.jpg; sourceTree = "<group>"; };
		FE83B7EA1D224DF300EE98A0 /* LBSBuffViewController.h */ = {isa = PBXFileReference; fileEncoding = 4; lastKnownFileType = sourcecode.c.h; path = LBSBuffViewController.h; sourceTree = "<group>"; };
		FE83B7EB1D224DF300EE98A0 /* LBSBuffViewController.m */ = {isa = PBXFileReference; fileEncoding = 4; lastKnownFileType = sourcecode.c.objc; path = LBSBuffViewController.m; sourceTree = "<group>"; };
		FEE05EB81CDB061A0019F2D3 /* BuffKit.h */ = {isa = PBXFileReference; lastKnownFileType = sourcecode.c.h; path = BuffKit.h; sourceTree = "<group>"; };
		FEE958D31D128BF7000BF979 /* BuffLeftViewController.h */ = {isa = PBXFileReference; fileEncoding = 4; lastKnownFileType = sourcecode.c.h; path = BuffLeftViewController.h; sourceTree = "<group>"; };
		FEE958D41D128BF7000BF979 /* BuffLeftViewController.m */ = {isa = PBXFileReference; fileEncoding = 4; lastKnownFileType = sourcecode.c.objc; path = BuffLeftViewController.m; sourceTree = "<group>"; };
		FEE958D61D128C05000BF979 /* BuffRightViewController.h */ = {isa = PBXFileReference; fileEncoding = 4; lastKnownFileType = sourcecode.c.h; path = BuffRightViewController.h; sourceTree = "<group>"; };
		FEE958D71D128C05000BF979 /* BuffRightViewController.m */ = {isa = PBXFileReference; fileEncoding = 4; lastKnownFileType = sourcecode.c.objc; path = BuffRightViewController.m; sourceTree = "<group>"; };
		FEFBCBD51D40D1690076DD8E /* loop2.jpg */ = {isa = PBXFileReference; lastKnownFileType = image.jpeg; path = loop2.jpg; sourceTree = "<group>"; };
		FEFBCBD61D40D1690076DD8E /* loop1.jpg */ = {isa = PBXFileReference; lastKnownFileType = image.jpeg; path = loop1.jpg; sourceTree = "<group>"; };
		FEFBCBDA1D4113410076DD8E /* BFLoopView.h */ = {isa = PBXFileReference; fileEncoding = 4; lastKnownFileType = sourcecode.c.h; path = BFLoopView.h; sourceTree = "<group>"; };
		FEFBCBDB1D4113410076DD8E /* BFLoopView.m */ = {isa = PBXFileReference; fileEncoding = 4; lastKnownFileType = sourcecode.c.objc; path = BFLoopView.m; sourceTree = "<group>"; };
/* End PBXFileReference section */

/* Begin PBXFrameworksBuildPhase section */
		FE51CBF41CD8DE2B00A7E897 /* Frameworks */ = {
			isa = PBXFrameworksBuildPhase;
			buildActionMask = 2147483647;
			files = (
			);
			runOnlyForDeploymentPostprocessing = 0;
		};
		FE51CC0D1CD8DE2B00A7E897 /* Frameworks */ = {
			isa = PBXFrameworksBuildPhase;
			buildActionMask = 2147483647;
			files = (
			);
			runOnlyForDeploymentPostprocessing = 0;
		};
/* End PBXFrameworksBuildPhase section */

/* Begin PBXGroup section */
		13A6A1F7AA6C1CD58617D170 /* NullBuff */ = {
			isa = PBXGroup;
			children = (
				13A6A8DDEF453B15D7A220D7 /* NullBuff.h */,
				13A6AFAA8289A356450646CC /* NullBuff.m */,
			);
			path = NullBuff;
			sourceTree = "<group>";
		};
		13A6A2B507685B0CE8378C06 /* CellBuff */ = {
			isa = PBXGroup;
			children = (
				13A6AF40F80251F84DA0032A /* CellBuff.h */,
				13A6AAFC7E12A2575CFEE3A5 /* CellBuff.m */,
			);
			path = CellBuff;
			sourceTree = "<group>";
		};
		13A6A88FD2B11B4F3C5F23BC /* ColorBuff */ = {
			isa = PBXGroup;
			children = (
				13A6A6D26375ED727545E612 /* ColorBuff.h */,
				13A6A5954022D69E9B1BF953 /* ColorBuff.m */,
			);
			path = ColorBuff;
			sourceTree = "<group>";
		};
		13A6A9439C03DC186ECCAA0E /* NavigationBuff */ = {
			isa = PBXGroup;
			children = (
				13A6A4EE76F99FD0A62A0A41 /* RootSplitBuff.h */,
				13A6A0DE6EF5BE73C9184418 /* RootSplitBuff.m */,
			);
			path = NavigationBuff;
			sourceTree = "<group>";
		};
		2D4908741D0D36EF00C4066F /* Resources */ = {
			isa = PBXGroup;
			children = (
				2D4908751D0D36F500C4066F /* WallPaper.jpg */,
				FE4616D01D17B3F600BEE9B6 /* WallPaper2.jpg */,
			);
			path = Resources;
			sourceTree = "<group>";
		};
		FE29335C1CE2FA350096B1DF /* CryptoBuff */ = {
			isa = PBXGroup;
			children = (
				FE29335D1CE2FA350096B1DF /* CryptoBuff.h */,
				FE29335E1CE2FA350096B1DF /* CryptoBuff.m */,
			);
			path = CryptoBuff;
			sourceTree = "<group>";
		};
		FE29335F1CE2FA350096B1DF /* LBSBuff */ = {
			isa = PBXGroup;
			children = (
				FE2933601CE2FA350096B1DF /* LBSBuff.h */,
				FE2933611CE2FA350096B1DF /* LBSBuff.m */,
			);
			path = LBSBuff;
			sourceTree = "<group>";
		};
		FE2933641CE310EC0096B1DF /* FrameBuff */ = {
			isa = PBXGroup;
			children = (
				FE2933651CE3110A0096B1DF /* FrameBuff.h */,
				FE2933661CE3110A0096B1DF /* FrameBuff.m */,
			);
			path = FrameBuff;
			sourceTree = "<group>";
		};
		FE51CBEE1CD8DE2B00A7E897 = {
			isa = PBXGroup;
			children = (
				FE51CBF91CD8DE2B00A7E897 /* BuffDemo */,
				FE51CC131CD8DE2B00A7E897 /* BuffDemoTests */,
				FE51CBF81CD8DE2B00A7E897 /* Products */,
				13A6ABAB4D4DCD403A186681 /* BuffKit.podspec */,
				13A6A7A7A2B5DC4C0515E80F /* LICENSE */,
				13A6A0FF3BBE72E10CD40266 /* README.md */,
			);
			sourceTree = "<group>";
		};
		FE51CBF81CD8DE2B00A7E897 /* Products */ = {
			isa = PBXGroup;
			children = (
				FE51CBF71CD8DE2B00A7E897 /* BuffDemo.app */,
				FE51CC101CD8DE2B00A7E897 /* BuffDemoTests.xctest */,
			);
			name = Products;
			sourceTree = "<group>";
		};
		FE51CBF91CD8DE2B00A7E897 /* BuffDemo */ = {
			isa = PBXGroup;
			children = (
				2D4908741D0D36EF00C4066F /* Resources */,
				FE51CBFD1CD8DE2B00A7E897 /* AppDelegate.h */,
				FE51CBFE1CD8DE2B00A7E897 /* AppDelegate.m */,
				FE2933541CE21DFC0096B1DF /* Buff.pch */,
				FE51CC241CDAE9D600A7E897 /* BuffListViewController.h */,
				FE51CC251CDAE9D600A7E897 /* BuffListViewController.m */,
				FEE958D31D128BF7000BF979 /* BuffLeftViewController.h */,
				FEE958D41D128BF7000BF979 /* BuffLeftViewController.m */,
				FEE958D61D128C05000BF979 /* BuffRightViewController.h */,
				FEE958D71D128C05000BF979 /* BuffRightViewController.m */,
				FE83B7E51D224DF300EE98A0 /* CryptoBuffDemo */,
				FE83B7E81D224DF300EE98A0 /* LBSBuffDemo */,
				FE83B7DE1D22271800EE98A0 /* LoopViewBuffDemo */,
				FE51CC061CD8DE2B00A7E897 /* Assets.xcassets */,
				FE51CC081CD8DE2B00A7E897 /* LaunchScreen.storyboard */,
				FE51CC0B1CD8DE2B00A7E897 /* Info.plist */,
				FE51CC1F1CDAE7C400A7E897 /* BuffKit */,
				FE51CBFA1CD8DE2B00A7E897 /* Supporting Files */,
			);
			path = BuffDemo;
			sourceTree = "<group>";
		};
		FE51CBFA1CD8DE2B00A7E897 /* Supporting Files */ = {
			isa = PBXGroup;
			children = (
				FE51CBFB1CD8DE2B00A7E897 /* main.m */,
			);
			name = "Supporting Files";
			sourceTree = "<group>";
		};
		FE51CC131CD8DE2B00A7E897 /* BuffDemoTests */ = {
			isa = PBXGroup;
			children = (
				FE51CC141CD8DE2B00A7E897 /* BuffDemoTests.m */,
				FE51CC161CD8DE2B00A7E897 /* Info.plist */,
			);
			path = BuffDemoTests;
			sourceTree = "<group>";
		};
		FE51CC1F1CDAE7C400A7E897 /* BuffKit */ = {
			isa = PBXGroup;
			children = (
				FEE05EB81CDB061A0019F2D3 /* BuffKit.h */,
				FE2933641CE310EC0096B1DF /* FrameBuff */,
				13A6A88FD2B11B4F3C5F23BC /* ColorBuff */,
				13A6A1F7AA6C1CD58617D170 /* NullBuff */,
				FE29335C1CE2FA350096B1DF /* CryptoBuff */,
				FE29335F1CE2FA350096B1DF /* LBSBuff */,
				13A6A2B507685B0CE8378C06 /* CellBuff */,
				13A6A9439C03DC186ECCAA0E /* NavigationBuff */,
				FEFBCBD91D4113410076DD8E /* LoopViewBuff */,
			);
			name = BuffKit;
			path = ../../BuffKit;
			sourceTree = "<group>";
		};
		FE83B7DE1D22271800EE98A0 /* LoopViewBuffDemo */ = {
			isa = PBXGroup;
			children = (
				FE83B7E21D224DDA00EE98A0 /* LoopViewController.h */,
				FE83B7E31D224DDA00EE98A0 /* LoopViewController.m */,
				FEFBCBD51D40D1690076DD8E /* loop2.jpg */,
				FEFBCBD61D40D1690076DD8E /* loop1.jpg */,
			);
			path = LoopViewBuffDemo;
			sourceTree = "<group>";
		};
		FE83B7E51D224DF300EE98A0 /* CryptoBuffDemo */ = {
			isa = PBXGroup;
			children = (
				FE83B7E61D224DF300EE98A0 /* CryptoBuffViewController.h */,
				FE83B7E71D224DF300EE98A0 /* CryptoBuffViewController.m */,
			);
			path = CryptoBuffDemo;
			sourceTree = "<group>";
		};
		FE83B7E81D224DF300EE98A0 /* LBSBuffDemo */ = {
			isa = PBXGroup;
			children = (
				FE83B7E91D224DF300EE98A0 /* lbsbuff.jpg */,
				FE83B7EA1D224DF300EE98A0 /* LBSBuffViewController.h */,
				FE83B7EB1D224DF300EE98A0 /* LBSBuffViewController.m */,
			);
			path = LBSBuffDemo;
			sourceTree = "<group>";
		};
		FEFBCBD91D4113410076DD8E /* LoopViewBuff */ = {
			isa = PBXGroup;
			children = (
				FEFBCBDA1D4113410076DD8E /* BFLoopView.h */,
				FEFBCBDB1D4113410076DD8E /* BFLoopView.m */,
			);
			path = LoopViewBuff;
			sourceTree = "<group>";
		};
/* End PBXGroup section */

/* Begin PBXNativeTarget section */
		FE51CBF61CD8DE2B00A7E897 /* BuffDemo */ = {
			isa = PBXNativeTarget;
			buildConfigurationList = FE51CC191CD8DE2B00A7E897 /* Build configuration list for PBXNativeTarget "BuffDemo" */;
			buildPhases = (
				FE51CBF31CD8DE2B00A7E897 /* Sources */,
				FE51CBF41CD8DE2B00A7E897 /* Frameworks */,
				FE51CBF51CD8DE2B00A7E897 /* Resources */,
			);
			buildRules = (
			);
			dependencies = (
			);
			name = BuffDemo;
			productName = BuffDemo;
			productReference = FE51CBF71CD8DE2B00A7E897 /* BuffDemo.app */;
			productType = "com.apple.product-type.application";
		};
		FE51CC0F1CD8DE2B00A7E897 /* BuffDemoTests */ = {
			isa = PBXNativeTarget;
			buildConfigurationList = FE51CC1C1CD8DE2B00A7E897 /* Build configuration list for PBXNativeTarget "BuffDemoTests" */;
			buildPhases = (
				FE51CC0C1CD8DE2B00A7E897 /* Sources */,
				FE51CC0D1CD8DE2B00A7E897 /* Frameworks */,
				FE51CC0E1CD8DE2B00A7E897 /* Resources */,
			);
			buildRules = (
			);
			dependencies = (
				FE51CC121CD8DE2B00A7E897 /* PBXTargetDependency */,
			);
			name = BuffDemoTests;
			productName = BuffDemoTests;
			productReference = FE51CC101CD8DE2B00A7E897 /* BuffDemoTests.xctest */;
			productType = "com.apple.product-type.bundle.unit-test";
		};
/* End PBXNativeTarget section */

/* Begin PBXProject section */
		FE51CBEF1CD8DE2B00A7E897 /* Project object */ = {
			isa = PBXProject;
			attributes = {
				LastUpgradeCheck = 0730;
				ORGANIZATIONNAME = BoWang;
				TargetAttributes = {
					FE51CBF61CD8DE2B00A7E897 = {
						CreatedOnToolsVersion = 7.3;
					};
					FE51CC0F1CD8DE2B00A7E897 = {
						CreatedOnToolsVersion = 7.3;
						TestTargetID = FE51CBF61CD8DE2B00A7E897;
					};
				};
			};
			buildConfigurationList = FE51CBF21CD8DE2B00A7E897 /* Build configuration list for PBXProject "BuffDemo" */;
			compatibilityVersion = "Xcode 3.2";
			developmentRegion = English;
			hasScannedForEncodings = 0;
			knownRegions = (
				en,
				Base,
			);
			mainGroup = FE51CBEE1CD8DE2B00A7E897;
			productRefGroup = FE51CBF81CD8DE2B00A7E897 /* Products */;
			projectDirPath = "";
			projectRoot = "";
			targets = (
				FE51CBF61CD8DE2B00A7E897 /* BuffDemo */,
				FE51CC0F1CD8DE2B00A7E897 /* BuffDemoTests */,
			);
		};
/* End PBXProject section */

/* Begin PBXResourcesBuildPhase section */
		FE51CBF51CD8DE2B00A7E897 /* Resources */ = {
			isa = PBXResourcesBuildPhase;
			buildActionMask = 2147483647;
			files = (
				FE51CC0A1CD8DE2B00A7E897 /* LaunchScreen.storyboard in Resources */,
				FE51CC071CD8DE2B00A7E897 /* Assets.xcassets in Resources */,
				13A6A27E32ECCB3F0B1A4B04 /* BuffKit.podspec in Resources */,
				13A6A6A424AD496A9DFE30E7 /* LICENSE in Resources */,
				FEFBCBD81D40D1690076DD8E /* loop1.jpg in Resources */,
				FEFBCBD71D40D1690076DD8E /* loop2.jpg in Resources */,
				2D4908761D0D36F500C4066F /* WallPaper.jpg in Resources */,
				FE83B7ED1D224DF300EE98A0 /* lbsbuff.jpg in Resources */,
				FE4616D11D17B3F600BEE9B6 /* WallPaper2.jpg in Resources */,
			);
			runOnlyForDeploymentPostprocessing = 0;
		};
		FE51CC0E1CD8DE2B00A7E897 /* Resources */ = {
			isa = PBXResourcesBuildPhase;
			buildActionMask = 2147483647;
			files = (
			);
			runOnlyForDeploymentPostprocessing = 0;
		};
/* End PBXResourcesBuildPhase section */

/* Begin PBXSourcesBuildPhase section */
		FE51CBF31CD8DE2B00A7E897 /* Sources */ = {
			isa = PBXSourcesBuildPhase;
			buildActionMask = 2147483647;
			files = (
				FEE958D51D128BF7000BF979 /* BuffLeftViewController.m in Sources */,
				FE2933631CE2FA350096B1DF /* LBSBuff.m in Sources */,
				FE51CBFF1CD8DE2B00A7E897 /* AppDelegate.m in Sources */,
				FEFBCBDC1D4113410076DD8E /* BFLoopView.m in Sources */,
				FE2933671CE3110A0096B1DF /* FrameBuff.m in Sources */,
				FE83B7E41D224DDA00EE98A0 /* LoopViewController.m in Sources */,
				FE2933621CE2FA350096B1DF /* CryptoBuff.m in Sources */,
				FE83B7EE1D224DF300EE98A0 /* LBSBuffViewController.m in Sources */,
				FE51CC261CDAE9D600A7E897 /* BuffListViewController.m in Sources */,
				FE83B7EC1D224DF300EE98A0 /* CryptoBuffViewController.m in Sources */,
				FE51CBFC1CD8DE2B00A7E897 /* main.m in Sources */,
				13A6A5AB58F71E3F4E4A9E42 /* ColorBuff.m in Sources */,
				FEE958D81D128C05000BF979 /* BuffRightViewController.m in Sources */,
				13A6A7BD9347F3A60459A112 /* NullBuff.m in Sources */,
				13A6A9E70906333FDD7A1118 /* README.md in Sources */,
				13A6A8EA5C90ACC7F4D8AA75 /* CellBuff.m in Sources */,
				13A6AA1222AEC2A81F826008 /* RootSplitBuff.m in Sources */,
			);
			runOnlyForDeploymentPostprocessing = 0;
		};
		FE51CC0C1CD8DE2B00A7E897 /* Sources */ = {
			isa = PBXSourcesBuildPhase;
			buildActionMask = 2147483647;
			files = (
				FE51CC151CD8DE2B00A7E897 /* BuffDemoTests.m in Sources */,
				FE51CC271CDAE9D600A7E897 /* BuffListViewController.m in Sources */,
			);
			runOnlyForDeploymentPostprocessing = 0;
		};
/* End PBXSourcesBuildPhase section */

/* Begin PBXTargetDependency section */
		FE51CC121CD8DE2B00A7E897 /* PBXTargetDependency */ = {
			isa = PBXTargetDependency;
			target = FE51CBF61CD8DE2B00A7E897 /* BuffDemo */;
			targetProxy = FE51CC111CD8DE2B00A7E897 /* PBXContainerItemProxy */;
		};
/* End PBXTargetDependency section */

/* Begin PBXVariantGroup section */
		FE51CC081CD8DE2B00A7E897 /* LaunchScreen.storyboard */ = {
			isa = PBXVariantGroup;
			children = (
				FE51CC091CD8DE2B00A7E897 /* Base */,
			);
			name = LaunchScreen.storyboard;
			sourceTree = "<group>";
		};
/* End PBXVariantGroup section */

/* Begin XCBuildConfiguration section */
		FE51CC171CD8DE2B00A7E897 /* Debug */ = {
			isa = XCBuildConfiguration;
			buildSettings = {
				ALWAYS_SEARCH_USER_PATHS = YES;
				CLANG_ANALYZER_NONNULL = YES;
				CLANG_CXX_LANGUAGE_STANDARD = "gnu++0x";
				CLANG_CXX_LIBRARY = "libc++";
				CLANG_ENABLE_MODULES = YES;
				CLANG_ENABLE_OBJC_ARC = YES;
				CLANG_WARN_BOOL_CONVERSION = YES;
				CLANG_WARN_CONSTANT_CONVERSION = YES;
				CLANG_WARN_DIRECT_OBJC_ISA_USAGE = YES_ERROR;
				CLANG_WARN_EMPTY_BODY = YES;
				CLANG_WARN_ENUM_CONVERSION = YES;
				CLANG_WARN_INT_CONVERSION = YES;
				CLANG_WARN_OBJC_ROOT_CLASS = YES_ERROR;
				CLANG_WARN_UNREACHABLE_CODE = YES;
				CLANG_WARN__DUPLICATE_METHOD_MATCH = YES;
				"CODE_SIGN_IDENTITY[sdk=iphoneos*]" = "iPhone Developer";
				COPY_PHASE_STRIP = NO;
				DEBUG_INFORMATION_FORMAT = dwarf;
				ENABLE_STRICT_OBJC_MSGSEND = YES;
				ENABLE_TESTABILITY = YES;
				GCC_C_LANGUAGE_STANDARD = gnu99;
				GCC_DYNAMIC_NO_PIC = NO;
				GCC_NO_COMMON_BLOCKS = YES;
				GCC_OPTIMIZATION_LEVEL = 0;
				GCC_PREPROCESSOR_DEFINITIONS = (
					"DEBUG=1",
					"$(inherited)",
				);
				GCC_WARN_64_TO_32_BIT_CONVERSION = YES;
				GCC_WARN_ABOUT_RETURN_TYPE = YES_ERROR;
				GCC_WARN_UNDECLARED_SELECTOR = YES;
				GCC_WARN_UNINITIALIZED_AUTOS = YES_AGGRESSIVE;
				GCC_WARN_UNUSED_FUNCTION = YES;
				GCC_WARN_UNUSED_VARIABLE = YES;
				IPHONEOS_DEPLOYMENT_TARGET = 9.3;
				MTL_ENABLE_DEBUG_INFO = YES;
				ONLY_ACTIVE_ARCH = YES;
				SDKROOT = iphoneos;
			};
			name = Debug;
		};
		FE51CC181CD8DE2B00A7E897 /* Release */ = {
			isa = XCBuildConfiguration;
			buildSettings = {
				ALWAYS_SEARCH_USER_PATHS = YES;
				CLANG_ANALYZER_NONNULL = YES;
				CLANG_CXX_LANGUAGE_STANDARD = "gnu++0x";
				CLANG_CXX_LIBRARY = "libc++";
				CLANG_ENABLE_MODULES = YES;
				CLANG_ENABLE_OBJC_ARC = YES;
				CLANG_WARN_BOOL_CONVERSION = YES;
				CLANG_WARN_CONSTANT_CONVERSION = YES;
				CLANG_WARN_DIRECT_OBJC_ISA_USAGE = YES_ERROR;
				CLANG_WARN_EMPTY_BODY = YES;
				CLANG_WARN_ENUM_CONVERSION = YES;
				CLANG_WARN_INT_CONVERSION = YES;
				CLANG_WARN_OBJC_ROOT_CLASS = YES_ERROR;
				CLANG_WARN_UNREACHABLE_CODE = YES;
				CLANG_WARN__DUPLICATE_METHOD_MATCH = YES;
				"CODE_SIGN_IDENTITY[sdk=iphoneos*]" = "iPhone Developer";
				COPY_PHASE_STRIP = NO;
				DEBUG_INFORMATION_FORMAT = "dwarf-with-dsym";
				ENABLE_NS_ASSERTIONS = NO;
				ENABLE_STRICT_OBJC_MSGSEND = YES;
				GCC_C_LANGUAGE_STANDARD = gnu99;
				GCC_NO_COMMON_BLOCKS = YES;
				GCC_WARN_64_TO_32_BIT_CONVERSION = YES;
				GCC_WARN_ABOUT_RETURN_TYPE = YES_ERROR;
				GCC_WARN_UNDECLARED_SELECTOR = YES;
				GCC_WARN_UNINITIALIZED_AUTOS = YES_AGGRESSIVE;
				GCC_WARN_UNUSED_FUNCTION = YES;
				GCC_WARN_UNUSED_VARIABLE = YES;
				IPHONEOS_DEPLOYMENT_TARGET = 9.3;
				MTL_ENABLE_DEBUG_INFO = NO;
				SDKROOT = iphoneos;
				VALIDATE_PRODUCT = YES;
			};
			name = Release;
		};
		FE51CC1A1CD8DE2B00A7E897 /* Debug */ = {
			isa = XCBuildConfiguration;
			buildSettings = {
				ASSETCATALOG_COMPILER_APPICON_NAME = AppIcon;
				GCC_PRECOMPILE_PREFIX_HEADER = YES;
				GCC_PREFIX_HEADER = "$(SRCROOT)/BuffDemo/Buff.pch";
				INFOPLIST_FILE = BuffDemo/Info.plist;
				IPHONEOS_DEPLOYMENT_TARGET = 8.0;
				LD_RUNPATH_SEARCH_PATHS = "$(inherited) @executable_path/Frameworks";
				PRODUCT_BUNDLE_IDENTIFIER = r4l.BuffDemo;
				PRODUCT_NAME = "$(TARGET_NAME)";
			};
			name = Debug;
		};
		FE51CC1B1CD8DE2B00A7E897 /* Release */ = {
			isa = XCBuildConfiguration;
			buildSettings = {
				ASSETCATALOG_COMPILER_APPICON_NAME = AppIcon;
				GCC_PRECOMPILE_PREFIX_HEADER = YES;
				GCC_PREFIX_HEADER = "$(SRCROOT)/BuffDemo/Buff.pch";
				INFOPLIST_FILE = BuffDemo/Info.plist;
				IPHONEOS_DEPLOYMENT_TARGET = 8.0;
				LD_RUNPATH_SEARCH_PATHS = "$(inherited) @executable_path/Frameworks";
				PRODUCT_BUNDLE_IDENTIFIER = r4l.BuffDemo;
				PRODUCT_NAME = "$(TARGET_NAME)";
			};
			name = Release;
		};
		FE51CC1D1CD8DE2B00A7E897 /* Debug */ = {
			isa = XCBuildConfiguration;
			buildSettings = {
				BUNDLE_LOADER = "$(TEST_HOST)";
				INFOPLIST_FILE = BuffDemoTests/Info.plist;
				LD_RUNPATH_SEARCH_PATHS = "$(inherited) @executable_path/Frameworks @loader_path/Frameworks";
				PRODUCT_BUNDLE_IDENTIFIER = r4l.BuffDemoTests;
				PRODUCT_NAME = "$(TARGET_NAME)";
				TEST_HOST = "$(BUILT_PRODUCTS_DIR)/BuffDemo.app/BuffDemo";
			};
			name = Debug;
		};
		FE51CC1E1CD8DE2B00A7E897 /* Release */ = {
			isa = XCBuildConfiguration;
			buildSettings = {
				BUNDLE_LOADER = "$(TEST_HOST)";
				INFOPLIST_FILE = BuffDemoTests/Info.plist;
				LD_RUNPATH_SEARCH_PATHS = "$(inherited) @executable_path/Frameworks @loader_path/Frameworks";
				PRODUCT_BUNDLE_IDENTIFIER = r4l.BuffDemoTests;
				PRODUCT_NAME = "$(TARGET_NAME)";
				TEST_HOST = "$(BUILT_PRODUCTS_DIR)/BuffDemo.app/BuffDemo";
			};
			name = Release;
		};
/* End XCBuildConfiguration section */

/* Begin XCConfigurationList section */
		FE51CBF21CD8DE2B00A7E897 /* Build configuration list for PBXProject "BuffDemo" */ = {
			isa = XCConfigurationList;
			buildConfigurations = (
				FE51CC171CD8DE2B00A7E897 /* Debug */,
				FE51CC181CD8DE2B00A7E897 /* Release */,
			);
			defaultConfigurationIsVisible = 0;
			defaultConfigurationName = Release;
		};
		FE51CC191CD8DE2B00A7E897 /* Build configuration list for PBXNativeTarget "BuffDemo" */ = {
			isa = XCConfigurationList;
			buildConfigurations = (
				FE51CC1A1CD8DE2B00A7E897 /* Debug */,
				FE51CC1B1CD8DE2B00A7E897 /* Release */,
			);
			defaultConfigurationIsVisible = 0;
			defaultConfigurationName = Release;
		};
		FE51CC1C1CD8DE2B00A7E897 /* Build configuration list for PBXNativeTarget "BuffDemoTests" */ = {
			isa = XCConfigurationList;
			buildConfigurations = (
				FE51CC1D1CD8DE2B00A7E897 /* Debug */,
				FE51CC1E1CD8DE2B00A7E897 /* Release */,
			);
			defaultConfigurationIsVisible = 0;
			defaultConfigurationName = Release;
		};
/* End XCConfigurationList section */
	};
	rootObject = FE51CBEF1CD8DE2B00A7E897 /* Project object */;
}
